
Microsoft Visual Studio Solution File, Format Version 12.00
# Visual Studio Version 16
VisualStudioVersion = 16.0.29102.190
MinimumVisualStudioVersion = 10.0.40219.1
Project("{9A19103F-16F7-4668-BE54-9A1E7A4F7556}") = "CodeVerse.Common", "CodeVerse.Common\CodeVerse.Common.csproj", "{3E9E62E4-EAB6-48A5-8476-F93FC97E1F1C}"
EndProject
Project("{9A19103F-16F7-4668-BE54-9A1E7A4F7556}") = "CodeVerse.Logic", "CodeVerse.Logic\CodeVerse.Logic.csproj", "{6A806B3D-B9AB-45D5-A7CA-3DC758DBAAEC}"
EndProject
Project("{9A19103F-16F7-4668-BE54-9A1E7A4F7556}") = "CodeVerse.Server", "CodeVerse.Server\CodeVerse.Server.csproj", "{0BFC6320-12C7-4A0C-A3AB-6AED443C5A19}"
EndProject
Project("{FAE04EC0-301F-11D3-BF4B-00C04F79EFBC}") = "CodeVerse.LogicTester.Gorgon", "CodeVerse.LogicTester.Gorgon\CodeVerse.LogicTester.Gorgon.csproj", "{C858DE88-34EC-4316-9F73-6E2D4689B7BD}"
EndProject
Global
	GlobalSection(SolutionConfigurationPlatforms) = preSolution
		Debug|Any CPU = Debug|Any CPU
		Release|Any CPU = Release|Any CPU
	EndGlobalSection
	GlobalSection(ProjectConfigurationPlatforms) = postSolution
		{3E9E62E4-EAB6-48A5-8476-F93FC97E1F1C}.Debug|Any CPU.ActiveCfg = Debug|Any CPU
		{3E9E62E4-EAB6-48A5-8476-F93FC97E1F1C}.Debug|Any CPU.Build.0 = Debug|Any CPU
		{3E9E62E4-EAB6-48A5-8476-F93FC97E1F1C}.Release|Any CPU.ActiveCfg = Release|Any CPU
		{3E9E62E4-EAB6-48A5-8476-F93FC97E1F1C}.Release|Any CPU.Build.0 = Release|Any CPU
		{6A806B3D-B9AB-45D5-A7CA-3DC758DBAAEC}.Debug|Any CPU.ActiveCfg = Debug|Any CPU
		{6A806B3D-B9AB-45D5-A7CA-3DC758DBAAEC}.Debug|Any CPU.Build.0 = Debug|Any CPU
		{6A806B3D-B9AB-45D5-A7CA-3DC758DBAAEC}.Release|Any CPU.ActiveCfg = Release|Any CPU
		{6A806B3D-B9AB-45D5-A7CA-3DC758DBAAEC}.Release|Any CPU.Build.0 = Release|Any CPU
		{0BFC6320-12C7-4A0C-A3AB-6AED443C5A19}.Debug|Any CPU.ActiveCfg = Debug|Any CPU
		{0BFC6320-12C7-4A0C-A3AB-6AED443C5A19}.Debug|Any CPU.Build.0 = Debug|Any CPU
		{0BFC6320-12C7-4A0C-A3AB-6AED443C5A19}.Release|Any CPU.ActiveCfg = Release|Any CPU
		{0BFC6320-12C7-4A0C-A3AB-6AED443C5A19}.Release|Any CPU.Build.0 = Release|Any CPU
		{C858DE88-34EC-4316-9F73-6E2D4689B7BD}.Debug|Any CPU.ActiveCfg = Debug|Any CPU
		{C858DE88-34EC-4316-9F73-6E2D4689B7BD}.Debug|Any CPU.Build.0 = Debug|Any CPU
		{C858DE88-34EC-4316-9F73-6E2D4689B7BD}.Release|Any CPU.ActiveCfg = Release|Any CPU
		{C858DE88-34EC-4316-9F73-6E2D4689B7BD}.Release|Any CPU.Build.0 = Release|Any CPU
	EndGlobalSection
	GlobalSection(SolutionProperties) = preSolution
		HideSolutionNode = FALSE
	EndGlobalSection
	GlobalSection(ExtensibilityGlobals) = postSolution
		SolutionGuid = {841EEB79-F5C2-4406-BE47-1309A079973D}
	EndGlobalSection
EndGlobal
